
Microsoft Visual Studio Solution File, Format Version 12.00
# Visual Studio Version 17
VisualStudioVersion = 17.3.32929.385
MinimumVisualStudioVersion = 10.0.40219.1
Project("{FAE04EC0-301F-11D3-BF4B-00C04F79EFBC}") = "UC2_EqualityofTwoLine", "UC2_EqualityofTwoLine\UC2_EqualityofTwoLine.csproj", "{166FAA07-1BE0-4DA5-8131-85522E900D0A}"
EndProject
Global
	GlobalSection(SolutionConfigurationPlatforms) = preSolution
		Debug|Any CPU = Debug|Any CPU
		Release|Any CPU = Release|Any CPU
	EndGlobalSection
	GlobalSection(ProjectConfigurationPlatforms) = postSolution
		{166FAA07-1BE0-4DA5-8131-85522E900D0A}.Debug|Any CPU.ActiveCfg = Debug|Any CPU
		{166FAA07-1BE0-4DA5-8131-85522E900D0A}.Debug|Any CPU.Build.0 = Debug|Any CPU
		{166FAA07-1BE0-4DA5-8131-85522E900D0A}.Release|Any CPU.ActiveCfg = Release|Any CPU
		{166FAA07-1BE0-4DA5-8131-85522E900D0A}.Release|Any CPU.Build.0 = Release|Any CPU
	EndGlobalSection
	GlobalSection(SolutionProperties) = preSolution
		HideSolutionNode = FALSE
	EndGlobalSection
	GlobalSection(ExtensibilityGlobals) = postSolution
		SolutionGuid = {A0A5116F-8CCC-4ED6-A752-F1327242DD2D}
	EndGlobalSection
EndGlobal
